
Microsoft Visual Studio Solution File, Format Version 12.00
# Visual Studio Version 16
VisualStudioVersion = 16.0.31410.357
MinimumVisualStudioVersion = 10.0.40219.1
Project("{FAE04EC0-301F-11D3-BF4B-00C04F79EFBC}") = "MvcPlayground.UI", "MvcPlayground.UI\MvcPlayground.UI.csproj", "{F00D2881-BEAD-46BB-9AA0-4377CF715C7D}"
EndProject
Global
	GlobalSection(SolutionConfigurationPlatforms) = preSolution
		Debug|Any CPU = Debug|Any CPU
		Release|Any CPU = Release|Any CPU
	EndGlobalSection
	GlobalSection(ProjectConfigurationPlatforms) = postSolution
		{F00D2881-BEAD-46BB-9AA0-4377CF715C7D}.Debug|Any CPU.ActiveCfg = Debug|Any CPU
		{F00D2881-BEAD-46BB-9AA0-4377CF715C7D}.Debug|Any CPU.Build.0 = Debug|Any CPU
		{F00D2881-BEAD-46BB-9AA0-4377CF715C7D}.Release|Any CPU.ActiveCfg = Release|Any CPU
		{F00D2881-BEAD-46BB-9AA0-4377CF715C7D}.Release|Any CPU.Build.0 = Release|Any CPU
	EndGlobalSection
	GlobalSection(SolutionProperties) = preSolution
		HideSolutionNode = FALSE
	EndGlobalSection
	GlobalSection(ExtensibilityGlobals) = postSolution
		SolutionGuid = {6D4D9F3E-248E-4E8F-8F6E-8957A36A5D2A}
	EndGlobalSection
EndGlobal
